
Microsoft Visual Studio Solution File, Format Version 12.00
# Visual Studio 15
VisualStudioVersion = 15.0.28307.438
MinimumVisualStudioVersion = 10.0.40219.1
Project("{FAE04EC0-301F-11D3-BF4B-00C04F79EFBC}") = "Assignment1_Gilbert", "Assignment1_Gilbert\Assignment1_Gilbert.csproj", "{6CDB0EBC-7CAA-4D4E-8DCB-95871CEDCE02}"
EndProject
Global
	GlobalSection(SolutionConfigurationPlatforms) = preSolution
		Debug|Any CPU = Debug|Any CPU
		Release|Any CPU = Release|Any CPU
	EndGlobalSection
	GlobalSection(ProjectConfigurationPlatforms) = postSolution
		{6CDB0EBC-7CAA-4D4E-8DCB-95871CEDCE02}.Debug|Any CPU.ActiveCfg = Debug|Any CPU
		{6CDB0EBC-7CAA-4D4E-8DCB-95871CEDCE02}.Debug|Any CPU.Build.0 = Debug|Any CPU
		{6CDB0EBC-7CAA-4D4E-8DCB-95871CEDCE02}.Release|Any CPU.ActiveCfg = Release|Any CPU
		{6CDB0EBC-7CAA-4D4E-8DCB-95871CEDCE02}.Release|Any CPU.Build.0 = Release|Any CPU
	EndGlobalSection
	GlobalSection(SolutionProperties) = preSolution
		HideSolutionNode = FALSE
	EndGlobalSection
	GlobalSection(ExtensibilityGlobals) = postSolution
		SolutionGuid = {D4DB7AB0-1064-49D6-899B-FFA0B3AF8568}
	EndGlobalSection
EndGlobal
